Microsoft Visual Studio Solution File, Format Version 12.00
# Visual Studio Version 17
VisualStudioVersion = 17.5.2.0
MinimumVisualStudioVersion = 10.0.40219.1
Project("{FAE04EC0-301F-11D3-BF4B-00C04F79EFBC}") = "FallingSim", "FallingSim.csproj", "{50451B76-A29B-B2A1-6064-EB53DF3712AA}"
EndProject
Global
	GlobalSection(SolutionConfigurationPlatforms) = preSolution
		Debug|Any CPU = Debug|Any CPU
		Release|Any CPU = Release|Any CPU
	EndGlobalSection
	GlobalSection(ProjectConfigurationPlatforms) = postSolution
		{50451B76-A29B-B2A1-6064-EB53DF3712AA}.Debug|Any CPU.ActiveCfg = Debug|Any CPU
		{50451B76-A29B-B2A1-6064-EB53DF3712AA}.Debug|Any CPU.Build.0 = Debug|Any CPU
		{50451B76-A29B-B2A1-6064-EB53DF3712AA}.Release|Any CPU.ActiveCfg = Release|Any CPU
		{50451B76-A29B-B2A1-6064-EB53DF3712AA}.Release|Any CPU.Build.0 = Release|Any CPU
	EndGlobalSection
	GlobalSection(SolutionProperties) = preSolution
		HideSolutionNode = FALSE
	EndGlobalSection
	GlobalSection(ExtensibilityGlobals) = postSolution
		SolutionGuid = {E1613493-E6DD-40AA-B27B-A46EE43A07B4}
	EndGlobalSection
EndGlobal
